// !$*UTF8*$!
{
	archiveVersion = 1;
	classes = {
	};
	objectVersion = 46;
	objects = {

/* Begin PBXBuildFile section */
		1118EABC1EE54F2A00B9FC63 /* main.swift in Sources */ = {isa = PBXBuildFile; fileRef = 1118EABB1EE54F2A00B9FC63 /* main.swift */; };
		1118EAC41EE54FC200B9FC63 /* ChainOfResponsibilityGOF.swift in Sources */ = {isa = PBXBuildFile; fileRef = 1118EAC31EE54FC200B9FC63 /* ChainOfResponsibilityGOF.swift */; };
		1118EAC61EE5500A00B9FC63 /* File.swift in Sources */ = {isa = PBXBuildFile; fileRef = 1118EAC51EE5500A00B9FC63 /* File.swift */; };
		1118EAC81EE553DC00B9FC63 /* ChainOfResponsibilityLambda.swift in Sources */ = {isa = PBXBuildFile; fileRef = 1118EAC71EE553DC00B9FC63 /* ChainOfResponsibilityLambda.swift */; };
		1118EACB1EE5577500B9FC63 /* CommandGOF.swift in Sources */ = {isa = PBXBuildFile; fileRef = 1118EACA1EE5577500B9FC63 /* CommandGOF.swift */; };
		1118EACD1EE558A800B9FC63 /* CommandLambda.swift in Sources */ = {isa = PBXBuildFile; fileRef = 1118EACC1EE558A800B9FC63 /* CommandLambda.swift */; };
		1118EAD01EE559F300B9FC63 /* Taxes.swift in Sources */ = {isa = PBXBuildFile; fileRef = 1118EACF1EE559F300B9FC63 /* Taxes.swift */; };
		1118EAD21EE55A6200B9FC63 /* DecoratorGOF.swift in Sources */ = {isa = PBXBuildFile; fileRef = 1118EAD11EE55A6200B9FC63 /* DecoratorGOF.swift */; };
		1118EAD41EE55C9600B9FC63 /* DecoratorLambda.swift in Sources */ = {isa = PBXBuildFile; fileRef = 1118EAD31EE55C9600B9FC63 /* DecoratorLambda.swift */; };
		1118EAD71EE5603A00B9FC63 /* InterpreterGOF.swift in Sources */ = {isa = PBXBuildFile; fileRef = 1118EAD61EE5603A00B9FC63 /* InterpreterGOF.swift */; };
		1118EAD91EE5636300B9FC63 /* InterpreterLambda.swift in Sources */ = {isa = PBXBuildFile; fileRef = 1118EAD81EE5636300B9FC63 /* InterpreterLambda.swift */; };
		1118EADC1EE5654500B9FC63 /* IteratorGOF.swift in Sources */ = {isa = PBXBuildFile; fileRef = 1118EADB1EE5654500B9FC63 /* IteratorGOF.swift */; };
		1118EADE1EE565BF00B9FC63 /* IteratorLambda.swift in Sources */ = {isa = PBXBuildFile; fileRef = 1118EADD1EE565BF00B9FC63 /* IteratorLambda.swift */; };
		1118EAE11EE56C8700B9FC63 /* ObserverGOF.swift in Sources */ = {isa = PBXBuildFile; fileRef = 1118EAE01EE56C8700B9FC63 /* ObserverGOF.swift */; };
		1118EAE31EE56F7500B9FC63 /* ObserverLambda.swift in Sources */ = {isa = PBXBuildFile; fileRef = 1118EAE21EE56F7500B9FC63 /* ObserverLambda.swift */; };
		1118EAE61EE5713B00B9FC63 /* StrategyGOF.swift in Sources */ = {isa = PBXBuildFile; fileRef = 1118EAE51EE5713B00B9FC63 /* StrategyGOF.swift */; };
		1118EAE81EE572D800B9FC63 /* StrategyLambda.swift in Sources */ = {isa = PBXBuildFile; fileRef = 1118EAE71EE572D800B9FC63 /* StrategyLambda.swift */; };
/* End PBXBuildFile section */

/* Begin PBXCopyFilesBuildPhase section */
		1118EAB61EE54F2A00B9FC63 /* CopyFiles */ = {
			isa = PBXCopyFilesBuildPhase;
			buildActionMask = 2147483647;
			dstPath = /usr/share/man/man1/;
			dstSubfolderSpec = 0;
			files = (
			);
			runOnlyForDeploymentPostprocessing = 1;
		};
/* End PBXCopyFilesBuildPhase section */

/* Begin PBXFileReference section */
		1118EAB81EE54F2A00B9FC63 /* GOFToLambda */ = {isa = PBXFileReference; explicitFileType = "compiled.mach-o.executable"; includeInIndex = 0; path = GOFToLambda; sourceTree = BUILT_PRODUCTS_DIR; };
		1118EABB1EE54F2A00B9FC63 /* main.swift */ = {isa = PBXFileReference; lastKnownFileType = sourcecode.swift; path = main.swift; sourceTree = "<group>"; };
		1118EAC31EE54FC200B9FC63 /* ChainOfResponsibilityGOF.swift */ = {isa = PBXFileReference; fileEncoding = 4; lastKnownFileType = sourcecode.swift; path = ChainOfResponsibilityGOF.swift; sourceTree = "<group>"; };
		1118EAC51EE5500A00B9FC63 /* File.swift */ = {isa = PBXFileReference; fileEncoding = 4; lastKnownFileType = sourcecode.swift; path = File.swift; sourceTree = "<group>"; };
		1118EAC71EE553DC00B9FC63 /* ChainOfResponsibilityLambda.swift */ = {isa = PBXFileReference; fileEncoding = 4; lastKnownFileType = sourcecode.swift; path = ChainOfResponsibilityLambda.swift; sourceTree = "<group>"; };
		1118EACA1EE5577500B9FC63 /* CommandGOF.swift */ = {isa = PBXFileReference; fileEncoding = 4; lastKnownFileType = sourcecode.swift; path = CommandGOF.swift; sourceTree = "<group>"; };
		1118EACC1EE558A800B9FC63 /* CommandLambda.swift */ = {isa = PBXFileReference; fileEncoding = 4; lastKnownFileType = sourcecode.swift; path = CommandLambda.swift; sourceTree = "<group>"; };
		1118EACF1EE559F300B9FC63 /* Taxes.swift */ = {isa = PBXFileReference; fileEncoding = 4; lastKnownFileType = sourcecode.swift; path = Taxes.swift; sourceTree = "<group>"; };
		1118EAD11EE55A6200B9FC63 /* DecoratorGOF.swift */ = {isa = PBXFileReference; fileEncoding = 4; lastKnownFileType = sourcecode.swift; path = DecoratorGOF.swift; sourceTree = "<group>"; };
		1118EAD31EE55C9600B9FC63 /* DecoratorLambda.swift */ = {isa = PBXFileReference; fileEncoding = 4; lastKnownFileType = sourcecode.swift; path = DecoratorLambda.swift; sourceTree = "<group>"; };
		1118EAD61EE5603A00B9FC63 /* InterpreterGOF.swift */ = {isa = PBXFileReference; fileEncoding = 4; lastKnownFileType = sourcecode.swift; path = InterpreterGOF.swift; sourceTree = "<group>"; };
		1118EAD81EE5636300B9FC63 /* InterpreterLambda.swift */ = {isa = PBXFileReference; fileEncoding = 4; lastKnownFileType = sourcecode.swift; path = InterpreterLambda.swift; sourceTree = "<group>"; };
		1118EADB1EE5654500B9FC63 /* IteratorGOF.swift */ = {isa = PBXFileReference; fileEncoding = 4; lastKnownFileType = sourcecode.swift; path = IteratorGOF.swift; sourceTree = "<group>"; };
		1118EADD1EE565BF00B9FC63 /* IteratorLambda.swift */ = {isa = PBXFileReference; fileEncoding = 4; lastKnownFileType = sourcecode.swift; path = IteratorLambda.swift; sourceTree = "<group>"; };
		1118EAE01EE56C8700B9FC63 /* ObserverGOF.swift */ = {isa = PBXFileReference; fileEncoding = 4; lastKnownFileType = sourcecode.swift; path = ObserverGOF.swift; sourceTree = "<group>"; };
		1118EAE21EE56F7500B9FC63 /* ObserverLambda.swift */ = {isa = PBXFileReference; fileEncoding = 4; lastKnownFileType = sourcecode.swift; path = ObserverLambda.swift; sourceTree = "<group>"; };
		1118EAE51EE5713B00B9FC63 /* StrategyGOF.swift */ = {isa = PBXFileReference; fileEncoding = 4; lastKnownFileType = sourcecode.swift; path = StrategyGOF.swift; sourceTree = "<group>"; };
		1118EAE71EE572D800B9FC63 /* StrategyLambda.swift */ = {isa = PBXFileReference; fileEncoding = 4; lastKnownFileType = sourcecode.swift; path = StrategyLambda.swift; sourceTree = "<group>"; };
/* End PBXFileReference section */

/* Begin PBXFrameworksBuildPhase section */
		1118EAB51EE54F2A00B9FC63 /* Frameworks */ = {
			isa = PBXFrameworksBuildPhase;
			buildActionMask = 2147483647;
			files = (
			);
			runOnlyForDeploymentPostprocessing = 0;
		};
/* End PBXFrameworksBuildPhase section */

/* Begin PBXGroup section */
		1118EAAF1EE54F2A00B9FC63 = {
			isa = PBXGroup;
			children = (
				1118EABA1EE54F2A00B9FC63 /* GOFToLambda */,
				1118EAB91EE54F2A00B9FC63 /* Products */,
			);
			sourceTree = "<group>";
		};
		1118EAB91EE54F2A00B9FC63 /* Products */ = {
			isa = PBXGroup;
			children = (
				1118EAB81EE54F2A00B9FC63 /* GOFToLambda */,
			);
			name = Products;
			sourceTree = "<group>";
		};
		1118EABA1EE54F2A00B9FC63 /* GOFToLambda */ = {
			isa = PBXGroup;
			children = (
				1118EAC21EE54F3F00B9FC63 /* ChainOfResponsibility */,
				1118EAC91EE5575800B9FC63 /* Command */,
				1118EACE1EE559E100B9FC63 /* Decorator */,
				1118EAD51EE5602800B9FC63 /* Interpreter */,
				1118EADA1EE5653200B9FC63 /* Iterator */,
				1118EADF1EE5662400B9FC63 /* Observer */,
				1118EAE41EE5712B00B9FC63 /* Strategy */,
				1118EABB1EE54F2A00B9FC63 /* main.swift */,
			);
			path = GOFToLambda;
			sourceTree = "<group>";
		};
		1118EAC21EE54F3F00B9FC63 /* ChainOfResponsibility */ = {
			isa = PBXGroup;
			children = (
				1118EAC31EE54FC200B9FC63 /* ChainOfResponsibilityGOF.swift */,
				1118EAC51EE5500A00B9FC63 /* File.swift */,
				1118EAC71EE553DC00B9FC63 /* ChainOfResponsibilityLambda.swift */,
			);
			name = ChainOfResponsibility;
			sourceTree = "<group>";
		};
		1118EAC91EE5575800B9FC63 /* Command */ = {
			isa = PBXGroup;
			children = (
				1118EACA1EE5577500B9FC63 /* CommandGOF.swift */,
				1118EACC1EE558A800B9FC63 /* CommandLambda.swift */,
			);
			name = Command;
			sourceTree = "<group>";
		};
		1118EACE1EE559E100B9FC63 /* Decorator */ = {
			isa = PBXGroup;
			children = (
				1118EACF1EE559F300B9FC63 /* Taxes.swift */,
				1118EAD11EE55A6200B9FC63 /* DecoratorGOF.swift */,
				1118EAD31EE55C9600B9FC63 /* DecoratorLambda.swift */,
			);
			name = Decorator;
			sourceTree = "<group>";
		};
		1118EAD51EE5602800B9FC63 /* Interpreter */ = {
			isa = PBXGroup;
			children = (
				1118EAD61EE5603A00B9FC63 /* InterpreterGOF.swift */,
				1118EAD81EE5636300B9FC63 /* InterpreterLambda.swift */,
			);
			name = Interpreter;
			sourceTree = "<group>";
		};
		1118EADA1EE5653200B9FC63 /* Iterator */ = {
			isa = PBXGroup;
			children = (
				1118EADB1EE5654500B9FC63 /* IteratorGOF.swift */,
				1118EADD1EE565BF00B9FC63 /* IteratorLambda.swift */,
			);
			name = Iterator;
			sourceTree = "<group>";
		};
		1118EADF1EE5662400B9FC63 /* Observer */ = {
			isa = PBXGroup;
			children = (
				1118EAE01EE56C8700B9FC63 /* ObserverGOF.swift */,
				1118EAE21EE56F7500B9FC63 /* ObserverLambda.swift */,
			);
			name = Observer;
			sourceTree = "<group>";
		};
		1118EAE41EE5712B00B9FC63 /* Strategy */ = {
			isa = PBXGroup;
			children = (
				1118EAE51EE5713B00B9FC63 /* StrategyGOF.swift */,
				1118EAE71EE572D800B9FC63 /* StrategyLambda.swift */,
			);
			name = Strategy;
			sourceTree = "<group>";
		};
/* End PBXGroup section */

/* Begin PBXNativeTarget section */
		1118EAB71EE54F2A00B9FC63 /* GOFToLambda */ = {
			isa = PBXNativeTarget;
			buildConfigurationList = 1118EABF1EE54F2B00B9FC63 /* Build configuration list for PBXNativeTarget "GOFToLambda" */;
			buildPhases = (
				1118EAB41EE54F2A00B9FC63 /* Sources */,
				1118EAB51EE54F2A00B9FC63 /* Frameworks */,
				1118EAB61EE54F2A00B9FC63 /* CopyFiles */,
			);
			buildRules = (
			);
			dependencies = (
			);
			name = GOFToLambda;
			productName = GOFToLambda;
			productReference = 1118EAB81EE54F2A00B9FC63 /* GOFToLambda */;
			productType = "com.apple.product-type.tool";
		};
/* End PBXNativeTarget section */

/* Begin PBXProject section */
		1118EAB01EE54F2A00B9FC63 /* Project object */ = {
			isa = PBXProject;
			attributes = {
				LastSwiftUpdateCheck = 0830;
				LastUpgradeCheck = 0830;
				ORGANIZATIONNAME = "Tomás Ruiz-López";
				TargetAttributes = {
					1118EAB71EE54F2A00B9FC63 = {
						CreatedOnToolsVersion = 8.3.2;
						DevelopmentTeam = L7RXC8SZH2;
						ProvisioningStyle = Automatic;
					};
				};
			};
			buildConfigurationList = 1118EAB31EE54F2A00B9FC63 /* Build configuration list for PBXProject "GOFToLambda" */;
			compatibilityVersion = "Xcode 3.2";
			developmentRegion = English;
			hasScannedForEncodings = 0;
			knownRegions = (
				en,
			);
			mainGroup = 1118EAAF1EE54F2A00B9FC63;
			productRefGroup = 1118EAB91EE54F2A00B9FC63 /* Products */;
			projectDirPath = "";
			projectRoot = "";
			targets = (
				1118EAB71EE54F2A00B9FC63 /* GOFToLambda */,
			);
		};
/* End PBXProject section */

/* Begin PBXSourcesBuildPhase section */
		1118EAB41EE54F2A00B9FC63 /* Sources */ = {
			isa = PBXSourcesBuildPhase;
			buildActionMask = 2147483647;
			files = (
				1118EACB1EE5577500B9FC63 /* CommandGOF.swift in Sources */,
				1118EABC1EE54F2A00B9FC63 /* main.swift in Sources */,
				1118EAE81EE572D800B9FC63 /* StrategyLambda.swift in Sources */,
				1118EACD1EE558A800B9FC63 /* CommandLambda.swift in Sources */,
				1118EADC1EE5654500B9FC63 /* IteratorGOF.swift in Sources */,
				1118EAD71EE5603A00B9FC63 /* InterpreterGOF.swift in Sources */,
				1118EAE11EE56C8700B9FC63 /* ObserverGOF.swift in Sources */,
				1118EAE31EE56F7500B9FC63 /* ObserverLambda.swift in Sources */,
				1118EAC61EE5500A00B9FC63 /* File.swift in Sources */,
				1118EAD91EE5636300B9FC63 /* InterpreterLambda.swift in Sources */,
				1118EAD21EE55A6200B9FC63 /* DecoratorGOF.swift in Sources */,
				1118EADE1EE565BF00B9FC63 /* IteratorLambda.swift in Sources */,
				1118EAE61EE5713B00B9FC63 /* StrategyGOF.swift in Sources */,
				1118EAD41EE55C9600B9FC63 /* DecoratorLambda.swift in Sources */,
				1118EAD01EE559F300B9FC63 /* Taxes.swift in Sources */,
				1118EAC41EE54FC200B9FC63 /* ChainOfResponsibilityGOF.swift in Sources */,
				1118EAC81EE553DC00B9FC63 /* ChainOfResponsibilityLambda.swift in Sources */,
			);
			runOnlyForDeploymentPostprocessing = 0;
		};
/* End PBXSourcesBuildPhase section */

/* Begin XCBuildConfiguration section */
		1118EABD1EE54F2A00B9FC63 /* Debug */ = {
			isa = XCBuildConfiguration;
			buildSettings = {
				ALWAYS_SEARCH_USER_PATHS = NO;
				CLANG_ANALYZER_NONNULL = YES;
				CLANG_ANALYZER_NUMBER_OBJECT_CONVERSION = YES_AGGRESSIVE;
				CLANG_CXX_LANGUAGE_STANDARD = "gnu++0x";
				CLANG_CXX_LIBRARY = "libc++";
				CLANG_ENABLE_MODULES = YES;
				CLANG_ENABLE_OBJC_ARC = YES;
				CLANG_WARN_BOOL_CONVERSION = YES;
				CLANG_WARN_CONSTANT_CONVERSION = YES;
				CLANG_WARN_DIRECT_OBJC_ISA_USAGE = YES_ERROR;
				CLANG_WARN_DOCUMENTATION_COMMENTS = YES;
				CLANG_WARN_EMPTY_BODY = YES;
				CLANG_WARN_ENUM_CONVERSION = YES;
				CLANG_WARN_INFINITE_RECURSION = YES;
				CLANG_WARN_INT_CONVERSION = YES;
				CLANG_WARN_OBJC_ROOT_CLASS = YES_ERROR;
				CLANG_WARN_SUSPICIOUS_MOVE = YES;
				CLANG_WARN_UNREACHABLE_CODE = YES;
				CLANG_WARN__DUPLICATE_METHOD_MATCH = YES;
				CODE_SIGN_IDENTITY = "-";
				COPY_PHASE_STRIP = NO;
				DEBUG_INFORMATION_FORMAT = dwarf;
				ENABLE_STRICT_OBJC_MSGSEND = YES;
				ENABLE_TESTABILITY = YES;
				GCC_C_LANGUAGE_STANDARD = gnu99;
				GCC_DYNAMIC_NO_PIC = NO;
				GCC_NO_COMMON_BLOCKS = YES;
				GCC_OPTIMIZATION_LEVEL = 0;
				GCC_PREPROCESSOR_DEFINITIONS = (
					"DEBUG=1",
					"$(inherited)",
				);
				GCC_WARN_64_TO_32_BIT_CONVERSION = YES;
				GCC_WARN_ABOUT_RETURN_TYPE = YES_ERROR;
				GCC_WARN_UNDECLARED_SELECTOR = YES;
				GCC_WARN_UNINITIALIZED_AUTOS = YES_AGGRESSIVE;
				GCC_WARN_UNUSED_FUNCTION = YES;
				GCC_WARN_UNUSED_VARIABLE = YES;
				MACOSX_DEPLOYMENT_TARGET = 10.12;
				MTL_ENABLE_DEBUG_INFO = YES;
				ONLY_ACTIVE_ARCH = YES;
				SDKROOT = macosx;
				SWIFT_OPTIMIZATION_LEVEL = "-Onone";
			};
			name = Debug;
		};
		1118EABE1EE54F2A00B9FC63 /* Release */ = {
			isa = XCBuildConfiguration;
			buildSettings = {
				ALWAYS_SEARCH_USER_PATHS = NO;
				CLANG_ANALYZER_NONNULL = YES;
				CLANG_ANALYZER_NUMBER_OBJECT_CONVERSION = YES_AGGRESSIVE;
				CLANG_CXX_LANGUAGE_STANDARD = "gnu++0x";
				CLANG_CXX_LIBRARY = "libc++";
				CLANG_ENABLE_MODULES = YES;
				CLANG_ENABLE_OBJC_ARC = YES;
				CLANG_WARN_BOOL_CONVERSION = YES;
				CLANG_WARN_CONSTANT_CONVERSION = YES;
				CLANG_WARN_DIRECT_OBJC_ISA_USAGE = YES_ERROR;
				CLANG_WARN_DOCUMENTATION_COMMENTS = YES;
				CLANG_WARN_EMPTY_BODY = YES;
				CLANG_WARN_ENUM_CONVERSION = YES;
				CLANG_WARN_INFINITE_RECURSION = YES;
				CLANG_WARN_INT_CONVERSION = YES;
				CLANG_WARN_OBJC_ROOT_CLASS = YES_ERROR;
				CLANG_WARN_SUSPICIOUS_MOVE = YES;
				CLANG_WARN_UNREACHABLE_CODE = YES;
				CLANG_WARN__DUPLICATE_METHOD_MATCH = YES;
				CODE_SIGN_IDENTITY = "-";
				COPY_PHASE_STRIP = NO;
				DEBUG_INFORMATION_FORMAT = "dwarf-with-dsym";
				ENABLE_NS_ASSERTIONS = NO;
				ENABLE_STRICT_OBJC_MSGSEND = YES;
				GCC_C_LANGUAGE_STANDARD = gnu99;
				GCC_NO_COMMON_BLOCKS = YES;
				GCC_WARN_64_TO_32_BIT_CONVERSION = YES;
				GCC_WARN_ABOUT_RETURN_TYPE = YES_ERROR;
				GCC_WARN_UNDECLARED_SELECTOR = YES;
				GCC_WARN_UNINITIALIZED_AUTOS = YES_AGGRESSIVE;
				GCC_WARN_UNUSED_FUNCTION = YES;
				GCC_WARN_UNUSED_VARIABLE = YES;
				MACOSX_DEPLOYMENT_TARGET = 10.12;
				MTL_ENABLE_DEBUG_INFO = NO;
				SDKROOT = macosx;
			};
			name = Release;
		};
		1118EAC01EE54F2B00B9FC63 /* Debug */ = {
			isa = XCBuildConfiguration;
			buildSettings = {
				DEVELOPMENT_TEAM = L7RXC8SZH2;
				PRODUCT_NAME = "$(TARGET_NAME)";
				SWIFT_VERSION = 3.0;
			};
			name = Debug;
		};
		1118EAC11EE54F2B00B9FC63 /* Release */ = {
			isa = XCBuildConfiguration;
			buildSettings = {
				DEVELOPMENT_TEAM = L7RXC8SZH2;
				PRODUCT_NAME = "$(TARGET_NAME)";
				SWIFT_VERSION = 3.0;
			};
			name = Release;
		};
/* End XCBuildConfiguration section */

/* Begin XCConfigurationList section */
		1118EAB31EE54F2A00B9FC63 /* Build configuration list for PBXProject "GOFToLambda" */ = {
			isa = XCConfigurationList;
			buildConfigurations = (
				1118EABD1EE54F2A00B9FC63 /* Debug */,
				1118EABE1EE54F2A00B9FC63 /* Release */,
			);
			defaultConfigurationIsVisible = 0;
			defaultConfigurationName = Release;
		};
		1118EABF1EE54F2B00B9FC63 /* Build configuration list for PBXNativeTarget "GOFToLambda" */ = {
			isa = XCConfigurationList;
			buildConfigurations = (
				1118EAC01EE54F2B00B9FC63 /* Debug */,
				1118EAC11EE54F2B00B9FC63 /* Release */,
			);
			defaultConfigurationIsVisible = 0;
		};
/* End XCConfigurationList section */
	};
	rootObject = 1118EAB01EE54F2A00B9FC63 /* Project object */;
}
